
Microsoft Visual Studio Solution File, Format Version 12.00
# Visual Studio Version 17
VisualStudioVersion = 17.3.32901.215
MinimumVisualStudioVersion = 10.0.40219.1
Project("{888888A0-9F3D-457C-B088-3A5042F75D52}") = "MachineLearning_IrisFlower", "MachineLearning_IrisFlower\MachineLearning_IrisFlower.pyproj", "{137D4F2B-9483-4C4B-9E88-AD19472559DA}"
EndProject
Global
	GlobalSection(SolutionConfigurationPlatforms) = preSolution
		Debug|Any CPU = Debug|Any CPU
		Release|Any CPU = Release|Any CPU
	EndGlobalSection
	GlobalSection(ProjectConfigurationPlatforms) = postSolution
		{137D4F2B-9483-4C4B-9E88-AD19472559DA}.Debug|Any CPU.ActiveCfg = Debug|Any CPU
		{137D4F2B-9483-4C4B-9E88-AD19472559DA}.Release|Any CPU.ActiveCfg = Release|Any CPU
	EndGlobalSection
	GlobalSection(SolutionProperties) = preSolution
		HideSolutionNode = FALSE
	EndGlobalSection
	GlobalSection(ExtensibilityGlobals) = postSolution
		SolutionGuid = {C95CE573-C0B2-49E9-9342-BEA59795E0D8}
	EndGlobalSection
EndGlobal
